
Microsoft Visual Studio Solution File, Format Version 12.00
# Visual Studio Version 17
VisualStudioVersion = 17.1.32414.318
MinimumVisualStudioVersion = 10.0.40219.1
Project("{FAE04EC0-301F-11D3-BF4B-00C04F79EFBC}") = "HomeWork10", "HomeWork10\HomeWork10.csproj", "{21C25356-9B00-408A-933C-1205B5016B5C}"
EndProject
Global
	GlobalSection(SolutionConfigurationPlatforms) = preSolution
		Debug|Any CPU = Debug|Any CPU
		Release|Any CPU = Release|Any CPU
	EndGlobalSection
	GlobalSection(ProjectConfigurationPlatforms) = postSolution
		{21C25356-9B00-408A-933C-1205B5016B5C}.Debug|Any CPU.ActiveCfg = Debug|Any CPU
		{21C25356-9B00-408A-933C-1205B5016B5C}.Debug|Any CPU.Build.0 = Debug|Any CPU
		{21C25356-9B00-408A-933C-1205B5016B5C}.Release|Any CPU.ActiveCfg = Release|Any CPU
		{21C25356-9B00-408A-933C-1205B5016B5C}.Release|Any CPU.Build.0 = Release|Any CPU
	EndGlobalSection
	GlobalSection(SolutionProperties) = preSolution
		HideSolutionNode = FALSE
	EndGlobalSection
	GlobalSection(ExtensibilityGlobals) = postSolution
		SolutionGuid = {1D1CFE9F-0324-4106-A6C8-5F730C3DCFC3}
	EndGlobalSection
EndGlobal
